// !$*UTF8*$!
{
	archiveVersion = 1;
	classes = {
	};
	objectVersion = 56;
	objects = {

/* Begin PBXBuildFile section */
		6A198CCD2A1F7754008FB11F /* WelcomeViewController.swift in Sources */ = {isa = PBXBuildFile; fileRef = 6A198CCC2A1F7754008FB11F /* WelcomeViewController.swift */; };
		6AD2A3952A1F9866002C0EB4 /* Contact.swift in Sources */ = {isa = PBXBuildFile; fileRef = 6AD2A3942A1F9866002C0EB4 /* Contact.swift */; };
		6AD2A3972A1F98A4002C0EB4 /* ContactDataSource.swift in Sources */ = {isa = PBXBuildFile; fileRef = 6AD2A3962A1F98A4002C0EB4 /* ContactDataSource.swift */; };
		6AD2A3992A1F98F8002C0EB4 /* CreateContactView.swift in Sources */ = {isa = PBXBuildFile; fileRef = 6AD2A3982A1F98F8002C0EB4 /* CreateContactView.swift */; };
		6AD2A39D2A1F9A86002C0EB4 /* ContentView.swift in Sources */ = {isa = PBXBuildFile; fileRef = 6AD2A39C2A1F9A86002C0EB4 /* ContentView.swift */; };
		6AD2A39F2A1F9DED002C0EB4 /* EditContactView.swift in Sources */ = {isa = PBXBuildFile; fileRef = 6AD2A39E2A1F9DED002C0EB4 /* EditContactView.swift */; };
		6AD2A3A42A209BE5002C0EB4 /* AppDelegate.swift in Sources */ = {isa = PBXBuildFile; fileRef = 6AD2A3A32A209BE5002C0EB4 /* AppDelegate.swift */; };
		6AE15E302A1CE1E70048E805 /* SplashViewApp.swift in Sources */ = {isa = PBXBuildFile; fileRef = 6AE15E2F2A1CE1E70048E805 /* SplashViewApp.swift */; };
		6AE15E342A1CE1E80048E805 /* Assets.xcassets in Resources */ = {isa = PBXBuildFile; fileRef = 6AE15E332A1CE1E80048E805 /* Assets.xcassets */; };
		6AE15E372A1CE1E80048E805 /* Preview Assets.xcassets in Resources */ = {isa = PBXBuildFile; fileRef = 6AE15E362A1CE1E80048E805 /* Preview Assets.xcassets */; };
		6AE15E3E2A1CE4030048E805 /* SplashScreenView.swift in Sources */ = {isa = PBXBuildFile; fileRef = 6AE15E3D2A1CE4030048E805 /* SplashScreenView.swift */; };
/* End PBXBuildFile section */

/* Begin PBXFileReference section */
		6A198CCC2A1F7754008FB11F /* WelcomeViewController.swift */ = {isa = PBXFileReference; lastKnownFileType = sourcecode.swift; path = WelcomeViewController.swift; sourceTree = "<group>"; };
		6AD2A3942A1F9866002C0EB4 /* Contact.swift */ = {isa = PBXFileReference; lastKnownFileType = sourcecode.swift; path = Contact.swift; sourceTree = "<group>"; };
		6AD2A3962A1F98A4002C0EB4 /* ContactDataSource.swift */ = {isa = PBXFileReference; lastKnownFileType = sourcecode.swift; path = ContactDataSource.swift; sourceTree = "<group>"; };
		6AD2A3982A1F98F8002C0EB4 /* CreateContactView.swift */ = {isa = PBXFileReference; lastKnownFileType = sourcecode.swift; path = CreateContactView.swift; sourceTree = "<group>"; };
		6AD2A39C2A1F9A86002C0EB4 /* ContentView.swift */ = {isa = PBXFileReference; lastKnownFileType = sourcecode.swift; path = ContentView.swift; sourceTree = "<group>"; };
		6AD2A39E2A1F9DED002C0EB4 /* EditContactView.swift */ = {isa = PBXFileReference; lastKnownFileType = sourcecode.swift; path = EditContactView.swift; sourceTree = "<group>"; };
		6AD2A3A32A209BE5002C0EB4 /* AppDelegate.swift */ = {isa = PBXFileReference; lastKnownFileType = sourcecode.swift; path = AppDelegate.swift; sourceTree = "<group>"; };
		6AE15E2C2A1CE1E70048E805 /* SplashView.app */ = {isa = PBXFileReference; explicitFileType = wrapper.application; includeInIndex = 0; path = SplashView.app; sourceTree = BUILT_PRODUCTS_DIR; };
		6AE15E2F2A1CE1E70048E805 /* SplashViewApp.swift */ = {isa = PBXFileReference; lastKnownFileType = sourcecode.swift; path = SplashViewApp.swift; sourceTree = "<group>"; };
		6AE15E332A1CE1E80048E805 /* Assets.xcassets */ = {isa = PBXFileReference; lastKnownFileType = folder.assetcatalog; path = Assets.xcassets; sourceTree = "<group>"; };
		6AE15E362A1CE1E80048E805 /* Preview Assets.xcassets */ = {isa = PBXFileReference; lastKnownFileType = folder.assetcatalog; path = "Preview Assets.xcassets"; sourceTree = "<group>"; };
		6AE15E3D2A1CE4030048E805 /* SplashScreenView.swift */ = {isa = PBXFileReference; lastKnownFileType = sourcecode.swift; path = SplashScreenView.swift; sourceTree = "<group>"; };
/* End PBXFileReference section */

/* Begin PBXFrameworksBuildPhase section */
		6AE15E292A1CE1E70048E805 /* Frameworks */ = {
			isa = PBXFrameworksBuildPhase;
			buildActionMask = 2147483647;
			files = (
			);
			runOnlyForDeploymentPostprocessing = 0;
		};
/* End PBXFrameworksBuildPhase section */

/* Begin PBXGroup section */
		6AE15E232A1CE1E70048E805 = {
			isa = PBXGroup;
			children = (
				6AE15E2E2A1CE1E70048E805 /* SplashView */,
				6AE15E2D2A1CE1E70048E805 /* Products */,
			);
			sourceTree = "<group>";
		};
		6AE15E2D2A1CE1E70048E805 /* Products */ = {
			isa = PBXGroup;
			children = (
				6AE15E2C2A1CE1E70048E805 /* SplashView.app */,
			);
			name = Products;
			sourceTree = "<group>";
		};
		6AE15E2E2A1CE1E70048E805 /* SplashView */ = {
			isa = PBXGroup;
			children = (
				6AE15E2F2A1CE1E70048E805 /* SplashViewApp.swift */,
				6AE15E3D2A1CE4030048E805 /* SplashScreenView.swift */,
				6AE15E332A1CE1E80048E805 /* Assets.xcassets */,
				6AE15E352A1CE1E80048E805 /* Preview Content */,
				6A198CCC2A1F7754008FB11F /* WelcomeViewController.swift */,
				6AD2A3942A1F9866002C0EB4 /* Contact.swift */,
				6AD2A3962A1F98A4002C0EB4 /* ContactDataSource.swift */,
				6AD2A3982A1F98F8002C0EB4 /* CreateContactView.swift */,
				6AD2A39C2A1F9A86002C0EB4 /* ContentView.swift */,
				6AD2A39E2A1F9DED002C0EB4 /* EditContactView.swift */,
				6AD2A3A32A209BE5002C0EB4 /* AppDelegate.swift */,
			);
			path = SplashView;
			sourceTree = "<group>";
		};
		6AE15E352A1CE1E80048E805 /* Preview Content */ = {
			isa = PBXGroup;
			children = (
				6AE15E362A1CE1E80048E805 /* Preview Assets.xcassets */,
			);
			path = "Preview Content";
			sourceTree = "<group>";
		};
/* End PBXGroup section */

/* Begin PBXNativeTarget section */
		6AE15E2B2A1CE1E70048E805 /* SplashView */ = {
			isa = PBXNativeTarget;
			buildConfigurationList = 6AE15E3A2A1CE1E80048E805 /* Build configuration list for PBXNativeTarget "SplashView" */;
			buildPhases = (
				6AE15E282A1CE1E70048E805 /* Sources */,
				6AE15E292A1CE1E70048E805 /* Frameworks */,
				6AE15E2A2A1CE1E70048E805 /* Resources */,
			);
			buildRules = (
			);
			dependencies = (
			);
			name = SplashView;
			productName = SplashView;
			productReference = 6AE15E2C2A1CE1E70048E805 /* SplashView.app */;
			productType = "com.apple.product-type.application";
		};
/* End PBXNativeTarget section */

/* Begin PBXProject section */
		6AE15E242A1CE1E70048E805 /* Project object */ = {
			isa = PBXProject;
			attributes = {
				BuildIndependentTargetsInParallel = 1;
				LastSwiftUpdateCheck = 1430;
				LastUpgradeCheck = 1430;
				TargetAttributes = {
					6AE15E2B2A1CE1E70048E805 = {
						CreatedOnToolsVersion = 14.3;
					};
				};
			};
			buildConfigurationList = 6AE15E272A1CE1E70048E805 /* Build configuration list for PBXProject "SplashView" */;
			compatibilityVersion = "Xcode 14.0";
			developmentRegion = en;
			hasScannedForEncodings = 0;
			knownRegions = (
				en,
				Base,
			);
			mainGroup = 6AE15E232A1CE1E70048E805;
			productRefGroup = 6AE15E2D2A1CE1E70048E805 /* Products */;
			projectDirPath = "";
			projectRoot = "";
			targets = (
				6AE15E2B2A1CE1E70048E805 /* SplashView */,
			);
		};
/* End PBXProject section */

/* Begin PBXResourcesBuildPhase section */
		6AE15E2A2A1CE1E70048E805 /* Resources */ = {
			isa = PBXResourcesBuildPhase;
			buildActionMask = 2147483647;
			files = (
				6AE15E372A1CE1E80048E805 /* Preview Assets.xcassets in Resources */,
				6AE15E342A1CE1E80048E805 /* Assets.xcassets in Resources */,
			);
			runOnlyForDeploymentPostprocessing = 0;
		};
/* End PBXResourcesBuildPhase section */

/* Begin PBXSourcesBuildPhase section */
		6AE15E282A1CE1E70048E805 /* Sources */ = {
			isa = PBXSourcesBuildPhase;
			buildActionMask = 2147483647;
			files = (
				6A198CCD2A1F7754008FB11F /* WelcomeViewController.swift in Sources */,
				6AD2A3952A1F9866002C0EB4 /* Contact.swift in Sources */,
				6AD2A39D2A1F9A86002C0EB4 /* ContentView.swift in Sources */,
				6AD2A3A42A209BE5002C0EB4 /* AppDelegate.swift in Sources */,
				6AD2A3992A1F98F8002C0EB4 /* CreateContactView.swift in Sources */,
				6AE15E302A1CE1E70048E805 /* SplashViewApp.swift in Sources */,
				6AD2A39F2A1F9DED002C0EB4 /* EditContactView.swift in Sources */,
				6AE15E3E2A1CE4030048E805 /* SplashScreenView.swift in Sources */,
				6AD2A3972A1F98A4002C0EB4 /* ContactDataSource.swift in Sources */,
			);
			runOnlyForDeploymentPostprocessing = 0;
		};
/* End PBXSourcesBuildPhase section */

/* Begin XCBuildConfiguration section */
		6AE15E382A1CE1E80048E805 /* Debug */ = {
			isa = XCBuildConfiguration;
			buildSettings = {
				ALWAYS_SEARCH_USER_PATHS = NO;
				CLANG_ANALYZER_NONNULL = YES;
				CLANG_ANALYZER_NUMBER_OBJECT_CONVERSION = YES_AGGRESSIVE;
				CLANG_CXX_LANGUAGE_STANDARD = "gnu++20";
				CLANG_ENABLE_MODULES = YES;
				CLANG_ENABLE_OBJC_ARC = YES;
				CLANG_ENABLE_OBJC_WEAK = YES;
				CLANG_WARN_BLOCK_CAPTURE_AUTORELEASING = YES;
				CLANG_WARN_BOOL_CONVERSION = YES;
				CLANG_WARN_COMMA = YES;
				CLANG_WARN_CONSTANT_CONVERSION = YES;
				CLANG_WARN_DEPRECATED_OBJC_IMPLEMENTATIONS = YES;
				CLANG_WARN_DIRECT_OBJC_ISA_USAGE = YES_ERROR;
				CLANG_WARN_DOCUMENTATION_COMMENTS = YES;
				CLANG_WARN_EMPTY_BODY = YES;
				CLANG_WARN_ENUM_CONVERSION = YES;
				CLANG_WARN_INFINITE_RECURSION = YES;
				CLANG_WARN_INT_CONVERSION = YES;
				CLANG_WARN_NON_LITERAL_NULL_CONVERSION = YES;
				CLANG_WARN_OBJC_IMPLICIT_RETAIN_SELF = YES;
				CLANG_WARN_OBJC_LITERAL_CONVERSION = YES;
				CLANG_WARN_OBJC_ROOT_CLASS = YES_ERROR;
				CLANG_WARN_QUOTED_INCLUDE_IN_FRAMEWORK_HEADER = YES;
				CLANG_WARN_RANGE_LOOP_ANALYSIS = YES;
				CLANG_WARN_STRICT_PROTOTYPES = YES;
				CLANG_WARN_SUSPICIOUS_MOVE = YES;
				CLANG_WARN_UNGUARDED_AVAILABILITY = YES_AGGRESSIVE;
				CLANG_WARN_UNREACHABLE_CODE = YES;
				CLANG_WARN__DUPLICATE_METHOD_MATCH = YES;
				COPY_PHASE_STRIP = NO;
				DEBUG_INFORMATION_FORMAT = dwarf;
				ENABLE_STRICT_OBJC_MSGSEND = YES;
				ENABLE_TESTABILITY = YES;
				GCC_C_LANGUAGE_STANDARD = gnu11;
				GCC_DYNAMIC_NO_PIC = NO;
				GCC_NO_COMMON_BLOCKS = YES;
				GCC_OPTIMIZATION_LEVEL = 0;
				GCC_PREPROCESSOR_DEFINITIONS = (
					"DEBUG=1",
					"$(inherited)",
				);
				GCC_WARN_64_TO_32_BIT_CONVERSION = YES;
				GCC_WARN_ABOUT_RETURN_TYPE = YES_ERROR;
				GCC_WARN_UNDECLARED_SELECTOR = YES;
				GCC_WARN_UNINITIALIZED_AUTOS = YES_AGGRESSIVE;
				GCC_WARN_UNUSED_FUNCTION = YES;
				GCC_WARN_UNUSED_VARIABLE = YES;
				IPHONEOS_DEPLOYMENT_TARGET = 16.4;
				MTL_ENABLE_DEBUG_INFO = INCLUDE_SOURCE;
				MTL_FAST_MATH = YES;
				ONLY_ACTIVE_ARCH = YES;
				SDKROOT = iphoneos;
				SWIFT_ACTIVE_COMPILATION_CONDITIONS = DEBUG;
				SWIFT_OPTIMIZATION_LEVEL = "-Onone";
			};
			name = Debug;
		};
		6AE15E392A1CE1E80048E805 /* Release */ = {
			isa = XCBuildConfiguration;
			buildSettings = {
				ALWAYS_SEARCH_USER_PATHS = NO;
				CLANG_ANALYZER_NONNULL = YES;
				CLANG_ANALYZER_NUMBER_OBJECT_CONVERSION = YES_AGGRESSIVE;
				CLANG_CXX_LANGUAGE_STANDARD = "gnu++20";
				CLANG_ENABLE_MODULES = YES;
				CLANG_ENABLE_OBJC_ARC = YES;
				CLANG_ENABLE_OBJC_WEAK = YES;
				CLANG_WARN_BLOCK_CAPTURE_AUTORELEASING = YES;
				CLANG_WARN_BOOL_CONVERSION = YES;
				CLANG_WARN_COMMA = YES;
				CLANG_WARN_CONSTANT_CONVERSION = YES;
				CLANG_WARN_DEPRECATED_OBJC_IMPLEMENTATIONS = YES;
				CLANG_WARN_DIRECT_OBJC_ISA_USAGE = YES_ERROR;
				CLANG_WARN_DOCUMENTATION_COMMENTS = YES;
				CLANG_WARN_EMPTY_BODY = YES;
				CLANG_WARN_ENUM_CONVERSION = YES;
				CLANG_WARN_INFINITE_RECURSION = YES;
				CLANG_WARN_INT_CONVERSION = YES;
				CLANG_WARN_NON_LITERAL_NULL_CONVERSION = YES;
				CLANG_WARN_OBJC_IMPLICIT_RETAIN_SELF = YES;
				CLANG_WARN_OBJC_LITERAL_CONVERSION = YES;
				CLANG_WARN_OBJC_ROOT_CLASS = YES_ERROR;
				CLANG_WARN_QUOTED_INCLUDE_IN_FRAMEWORK_HEADER = YES;
				CLANG_WARN_RANGE_LOOP_ANALYSIS = YES;
				CLANG_WARN_STRICT_PROTOTYPES = YES;
				CLANG_WARN_SUSPICIOUS_MOVE = YES;
				CLANG_WARN_UNGUARDED_AVAILABILITY = YES_AGGRESSIVE;
				CLANG_WARN_UNREACHABLE_CODE = YES;
				CLANG_WARN__DUPLICATE_METHOD_MATCH = YES;
				COPY_PHASE_STRIP = NO;
				DEBUG_INFORMATION_FORMAT = "dwarf-with-dsym";
				ENABLE_NS_ASSERTIONS = NO;
				ENABLE_STRICT_OBJC_MSGSEND = YES;
				GCC_C_LANGUAGE_STANDARD = gnu11;
				GCC_NO_COMMON_BLOCKS = YES;
				GCC_WARN_64_TO_32_BIT_CONVERSION = YES;
				GCC_WARN_ABOUT_RETURN_TYPE = YES_ERROR;
				GCC_WARN_UNDECLARED_SELECTOR = YES;
				GCC_WARN_UNINITIALIZED_AUTOS = YES_AGGRESSIVE;
				GCC_WARN_UNUSED_FUNCTION = YES;
				GCC_WARN_UNUSED_VARIABLE = YES;
				IPHONEOS_DEPLOYMENT_TARGET = 16.4;
				MTL_ENABLE_DEBUG_INFO = NO;
				MTL_FAST_MATH = YES;
				SDKROOT = iphoneos;
				SWIFT_COMPILATION_MODE = wholemodule;
				SWIFT_OPTIMIZATION_LEVEL = "-O";
				VALIDATE_PRODUCT = YES;
			};
			name = Release;
		};
		6AE15E3B2A1CE1E80048E805 /* Debug */ = {
			isa = XCBuildConfiguration;
			buildSettings = {
				ASSETCATALOG_COMPILER_APPICON_NAME = AppIcon;
				ASSETCATALOG_COMPILER_GLOBAL_ACCENT_COLOR_NAME = AccentColor;
				CODE_SIGN_STYLE = Automatic;
				CURRENT_PROJECT_VERSION = 1;
				DEVELOPMENT_ASSET_PATHS = "\"SplashView/Preview Content\"";
				DEVELOPMENT_TEAM = 3329B5MDXK;
				ENABLE_PREVIEWS = YES;
				GENERATE_INFOPLIST_FILE = YES;
				INFOPLIST_KEY_UIApplicationSceneManifest_Generation = YES;
				INFOPLIST_KEY_UIApplicationSupportsIndirectInputEvents = YES;
				INFOPLIST_KEY_UILaunchScreen_Generation = YES;
				INFOPLIST_KEY_UISupportedInterfaceOrientations_iPad = "UIInterfaceOrientationPortrait UIInterfaceOrientationPortraitUpsideDown UIInterfaceOrientationLandscapeLeft UIInterfaceOrientationLandscapeRight";
				INFOPLIST_KEY_UISupportedInterfaceOrientations_iPhone = "UIInterfaceOrientationPortrait UIInterfaceOrientationLandscapeLeft UIInterfaceOrientationLandscapeRight";
				LD_RUNPATH_SEARCH_PATHS = (
					"$(inherited)",
					"@executable_path/Frameworks",
				);
				MARKETING_VERSION = 1.0;
				PRODUCT_BUNDLE_IDENTIFIER = za.co.KhumaloAugustine.SplashView;
				PRODUCT_NAME = "$(TARGET_NAME)";
				SWIFT_EMIT_LOC_STRINGS = YES;
				SWIFT_VERSION = 5.0;
				TARGETED_DEVICE_FAMILY = "1,2";
			};
			name = Debug;
		};
		6AE15E3C2A1CE1E80048E805 /* Release */ = {
			isa = XCBuildConfiguration;
			buildSettings = {
				ASSETCATALOG_COMPILER_APPICON_NAME = AppIcon;
				ASSETCATALOG_COMPILER_GLOBAL_ACCENT_COLOR_NAME = AccentColor;
				CODE_SIGN_STYLE = Automatic;
				CURRENT_PROJECT_VERSION = 1;
				DEVELOPMENT_ASSET_PATHS = "\"SplashView/Preview Content\"";
				DEVELOPMENT_TEAM = 3329B5MDXK;
				ENABLE_PREVIEWS = YES;
				GENERATE_INFOPLIST_FILE = YES;
				INFOPLIST_KEY_UIApplicationSceneManifest_Generation = YES;
				INFOPLIST_KEY_UIApplicationSupportsIndirectInputEvents = YES;
				INFOPLIST_KEY_UILaunchScreen_Generation = YES;
				INFOPLIST_KEY_UISupportedInterfaceOrientations_iPad = "UIInterfaceOrientationPortrait UIInterfaceOrientationPortraitUpsideDown UIInterfaceOrientationLandscapeLeft UIInterfaceOrientationLandscapeRight";
				INFOPLIST_KEY_UISupportedInterfaceOrientations_iPhone = "UIInterfaceOrientationPortrait UIInterfaceOrientationLandscapeLeft UIInterfaceOrientationLandscapeRight";
				LD_RUNPATH_SEARCH_PATHS = (
					"$(inherited)",
					"@executable_path/Frameworks",
				);
				MARKETING_VERSION = 1.0;
				PRODUCT_BUNDLE_IDENTIFIER = za.co.KhumaloAugustine.SplashView;
				PRODUCT_NAME = "$(TARGET_NAME)";
				SWIFT_EMIT_LOC_STRINGS = YES;
				SWIFT_VERSION = 5.0;
				TARGETED_DEVICE_FAMILY = "1,2";
			};
			name = Release;
		};
/* End XCBuildConfiguration section */

/* Begin XCConfigurationList section */
		6AE15E272A1CE1E70048E805 /* Build configuration list for PBXProject "SplashView" */ = {
			isa = XCConfigurationList;
			buildConfigurations = (
				6AE15E382A1CE1E80048E805 /* Debug */,
				6AE15E392A1CE1E80048E805 /* Release */,
			);
			defaultConfigurationIsVisible = 0;
			defaultConfigurationName = Release;
		};
		6AE15E3A2A1CE1E80048E805 /* Build configuration list for PBXNativeTarget "SplashView" */ = {
			isa = XCConfigurationList;
			buildConfigurations = (
				6AE15E3B2A1CE1E80048E805 /* Debug */,
				6AE15E3C2A1CE1E80048E805 /* Release */,
			);
			defaultConfigurationIsVisible = 0;
			defaultConfigurationName = Release;
		};
/* End XCConfigurationList section */
	};
	rootObject = 6AE15E242A1CE1E70048E805 /* Project object */;
}
